Microsoft Visual Studio Solution File, Format Version 12.00
# Visual Studio Version 17
VisualStudioVersion = 17.0.31912.275
MinimumVisualStudioVersion = 10.0.40219.1
Project("{FAE04EC0-301F-11D3-BF4B-00C04F79EFBC}") = "PaymentApi", "PaymentApi/PaymentApi.csproj", "{62FB2A84-A6BD-41D3-BFB2-0E7B1A00EB08}"
EndProject
Project("{FAE04EC0-301F-11D3-BF4B-00C04F79EFBC}") = "PaymentApi.Tests", "PaymentApi.Tests/PaymentApi.Tests.csproj", "{A83D93F2-B39D-4DA9-904F-A3FA90E9BB20}"
EndProject
Global
    GlobalSection(SolutionConfigurationPlatforms) = preSolution
        Debug|Any CPU = Debug|Any CPU
        Release|Any CPU = Release|Any CPU
    EndGlobalSection
    GlobalSection(ProjectConfigurationPlatforms) = postSolution
        {62FB2A84-A6BD-41D3-BFB2-0E7B1A00EB08}.Debug|Any CPU.ActiveCfg = Debug|Any CPU
        {62FB2A84-A6BD-41D3-BFB2-0E7B1A00EB08}.Debug|Any CPU.Build.0 = Debug|Any CPU
        {62FB2A84-A6BD-41D3-BFB2-0E7B1A00EB08}.Release|Any CPU.ActiveCfg = Release|Any CPU
        {62FB2A84-A6BD-41D3-BFB2-0E7B1A00EB08}.Release|Any CPU.Build.0 = Release|Any CPU
        {A83D93F2-B39D-4DA9-904F-A3FA90E9BB20}.Debug|Any CPU.ActiveCfg = Debug|Any CPU
        {A83D93F2-B39D-4DA9-904F-A3FA90E9BB20}.Debug|Any CPU.Build.0 = Debug|Any CPU
        {A83D93F2-B39D-4DA9-904F-A3FA90E9BB20}.Release|Any CPU.ActiveCfg = Release|Any CPU
        {A83D93F2-B39D-4DA9-904F-A3FA90E9BB20}.Release|Any CPU.Build.0 = Release|Any CPU
    EndGlobalSection
    GlobalSection(SolutionProperties) = preSolution
        HideSolutionNode = FALSE
    EndGlobalSection
    GlobalSection(ExtensibilityGlobals) = postSolution
        SolutionGuid = {D6588C4C-744E-4CFE-B346-FA3AD6B3740C}
    EndGlobalSection
EndGlobal
